// !$*UTF8*$!
{
	archiveVersion = 1;
	classes = {
	};
	objectVersion = 55;
	objects = {

/* Begin PBXBuildFile section */
		8B042C2228B4053E003192E8 /* Tests_iOS.swift in Sources */ = {isa = PBXBuildFile; fileRef = 8B042C2128B4053E003192E8 /* Tests_iOS.swift */; };
		8B042C2428B4053E003192E8 /* Tests_iOSLaunchTests.swift in Sources */ = {isa = PBXBuildFile; fileRef = 8B042C2328B4053E003192E8 /* Tests_iOSLaunchTests.swift */; };
		8B042C2E28B4053E003192E8 /* Tests_macOS.swift in Sources */ = {isa = PBXBuildFile; fileRef = 8B042C2D28B4053E003192E8 /* Tests_macOS.swift */; };
		8B042C3028B4053E003192E8 /* Tests_macOSLaunchTests.swift in Sources */ = {isa = PBXBuildFile; fileRef = 8B042C2F28B4053E003192E8 /* Tests_macOSLaunchTests.swift */; };
		8B042C3128B4053E003192E8 /* Movies_SwiftUIApp.swift in Sources */ = {isa = PBXBuildFile; fileRef = 8B042C0928B4053C003192E8 /* Movies_SwiftUIApp.swift */; };
		8B042C3228B4053E003192E8 /* Movies_SwiftUIApp.swift in Sources */ = {isa = PBXBuildFile; fileRef = 8B042C0928B4053C003192E8 /* Movies_SwiftUIApp.swift */; };
		8B042C3328B4053E003192E8 /* ContentView.swift in Sources */ = {isa = PBXBuildFile; fileRef = 8B042C0A28B4053C003192E8 /* ContentView.swift */; };
		8B042C3428B4053E003192E8 /* ContentView.swift in Sources */ = {isa = PBXBuildFile; fileRef = 8B042C0A28B4053C003192E8 /* ContentView.swift */; };
		8B042C3528B4053E003192E8 /* Assets.xcassets in Resources */ = {isa = PBXBuildFile; fileRef = 8B042C0B28B4053E003192E8 /* Assets.xcassets */; };
		8B042C3628B4053E003192E8 /* Assets.xcassets in Resources */ = {isa = PBXBuildFile; fileRef = 8B042C0B28B4053E003192E8 /* Assets.xcassets */; };
/* End PBXBuildFile section */

/* Begin PBXContainerItemProxy section */
		8B042C1E28B4053E003192E8 /* PBXContainerItemProxy */ = {
			isa = PBXContainerItemProxy;
			containerPortal = 8B042C0428B4053C003192E8 /* Project object */;
			proxyType = 1;
			remoteGlobalIDString = 8B042C0F28B4053E003192E8;
			remoteInfo = "Movies-SwiftUI (iOS)";
		};
		8B042C2A28B4053E003192E8 /* PBXContainerItemProxy */ = {
			isa = PBXContainerItemProxy;
			containerPortal = 8B042C0428B4053C003192E8 /* Project object */;
			proxyType = 1;
			remoteGlobalIDString = 8B042C1528B4053E003192E8;
			remoteInfo = "Movies-SwiftUI (macOS)";
		};
/* End PBXContainerItemProxy section */

/* Begin PBXFileReference section */
		8B042C0928B4053C003192E8 /* Movies_SwiftUIApp.swift */ = {isa = PBXFileReference; lastKnownFileType = sourcecode.swift; path = Movies_SwiftUIApp.swift; sourceTree = "<group>"; };
		8B042C0A28B4053C003192E8 /* ContentView.swift */ = {isa = PBXFileReference; lastKnownFileType = sourcecode.swift; path = ContentView.swift; sourceTree = "<group>"; };
		8B042C0B28B4053E003192E8 /* Assets.xcassets */ = {isa = PBXFileReference; lastKnownFileType = folder.assetcatalog; path = Assets.xcassets; sourceTree = "<group>"; };
		8B042C1028B4053E003192E8 /* Movies-SwiftUI.app */ = {isa = PBXFileReference; explicitFileType = wrapper.application; includeInIndex = 0; path = "Movies-SwiftUI.app"; sourceTree = BUILT_PRODUCTS_DIR; };
		8B042C1628B4053E003192E8 /* Movies-SwiftUI.app */ = {isa = PBXFileReference; explicitFileType = wrapper.application; includeInIndex = 0; path = "Movies-SwiftUI.app"; sourceTree = BUILT_PRODUCTS_DIR; };
		8B042C1828B4053E003192E8 /* macOS.entitlements */ = {isa = PBXFileReference; lastKnownFileType = text.plist.entitlements; path = macOS.entitlements; sourceTree = "<group>"; };
		8B042C1D28B4053E003192E8 /* Tests iOS.xctest */ = {isa = PBXFileReference; explicitFileType = wrapper.cfbundle; includeInIndex = 0; path = "Tests iOS.xctest"; sourceTree = BUILT_PRODUCTS_DIR; };
		8B042C2128B4053E003192E8 /* Tests_iOS.swift */ = {isa = PBXFileReference; lastKnownFileType = sourcecode.swift; path = Tests_iOS.swift; sourceTree = "<group>"; };
		8B042C2328B4053E003192E8 /* Tests_iOSLaunchTests.swift */ = {isa = PBXFileReference; lastKnownFileType = sourcecode.swift; path = Tests_iOSLaunchTests.swift; sourceTree = "<group>"; };
		8B042C2928B4053E003192E8 /* Tests macOS.xctest */ = {isa = PBXFileReference; explicitFileType = wrapper.cfbundle; includeInIndex = 0; path = "Tests macOS.xctest"; sourceTree = BUILT_PRODUCTS_DIR; };
		8B042C2D28B4053E003192E8 /* Tests_macOS.swift */ = {isa = PBXFileReference; lastKnownFileType = sourcecode.swift; path = Tests_macOS.swift; sourceTree = "<group>"; };
		8B042C2F28B4053E003192E8 /* Tests_macOSLaunchTests.swift */ = {isa = PBXFileReference; lastKnownFileType = sourcecode.swift; path = Tests_macOSLaunchTests.swift; sourceTree = "<group>"; };
/* End PBXFileReference section */

/* Begin PBXFrameworksBuildPhase section */
		8B042C0D28B4053E003192E8 /* Frameworks */ = {
			isa = PBXFrameworksBuildPhase;
			buildActionMask = 2147483647;
			files = (
			);
			runOnlyForDeploymentPostprocessing = 0;
		};
		8B042C1328B4053E003192E8 /* Frameworks */ = {
			isa = PBXFrameworksBuildPhase;
			buildActionMask = 2147483647;
			files = (
			);
			runOnlyForDeploymentPostprocessing = 0;
		};
		8B042C1A28B4053E003192E8 /* Frameworks */ = {
			isa = PBXFrameworksBuildPhase;
			buildActionMask = 2147483647;
			files = (
			);
			runOnlyForDeploymentPostprocessing = 0;
		};
		8B042C2628B4053E003192E8 /* Frameworks */ = {
			isa = PBXFrameworksBuildPhase;
			buildActionMask = 2147483647;
			files = (
			);
			runOnlyForDeploymentPostprocessing = 0;
		};
/* End PBXFrameworksBuildPhase section */

/* Begin PBXGroup section */
		8B042C0328B4053C003192E8 = {
			isa = PBXGroup;
			children = (
				8B042C0828B4053C003192E8 /* Shared */,
				8B042C1728B4053E003192E8 /* macOS */,
				8B042C2028B4053E003192E8 /* Tests iOS */,
				8B042C2C28B4053E003192E8 /* Tests macOS */,
				8B042C1128B4053E003192E8 /* Products */,
			);
			sourceTree = "<group>";
		};
		8B042C0828B4053C003192E8 /* Shared */ = {
			isa = PBXGroup;
			children = (
				8B042C0928B4053C003192E8 /* Movies_SwiftUIApp.swift */,
				8B042C0A28B4053C003192E8 /* ContentView.swift */,
				8B042C0B28B4053E003192E8 /* Assets.xcassets */,
			);
			path = Shared;
			sourceTree = "<group>";
		};
		8B042C1128B4053E003192E8 /* Products */ = {
			isa = PBXGroup;
			children = (
				8B042C1028B4053E003192E8 /* Movies-SwiftUI.app */,
				8B042C1628B4053E003192E8 /* Movies-SwiftUI.app */,
				8B042C1D28B4053E003192E8 /* Tests iOS.xctest */,
				8B042C2928B4053E003192E8 /* Tests macOS.xctest */,
			);
			name = Products;
			sourceTree = "<group>";
		};
		8B042C1728B4053E003192E8 /* macOS */ = {
			isa = PBXGroup;
			children = (
				8B042C1828B4053E003192E8 /* macOS.entitlements */,
			);
			path = macOS;
			sourceTree = "<group>";
		};
		8B042C2028B4053E003192E8 /* Tests iOS */ = {
			isa = PBXGroup;
			children = (
				8B042C2128B4053E003192E8 /* Tests_iOS.swift */,
				8B042C2328B4053E003192E8 /* Tests_iOSLaunchTests.swift */,
			);
			path = "Tests iOS";
			sourceTree = "<group>";
		};
		8B042C2C28B4053E003192E8 /* Tests macOS */ = {
			isa = PBXGroup;
			children = (
				8B042C2D28B4053E003192E8 /* Tests_macOS.swift */,
				8B042C2F28B4053E003192E8 /* Tests_macOSLaunchTests.swift */,
			);
			path = "Tests macOS";
			sourceTree = "<group>";
		};
/* End PBXGroup section */

/* Begin PBXNativeTarget section */
		8B042C0F28B4053E003192E8 /* Movies-SwiftUI (iOS) */ = {
			isa = PBXNativeTarget;
			buildConfigurationList = 8B042C3928B4053E003192E8 /* Build configuration list for PBXNativeTarget "Movies-SwiftUI (iOS)" */;
			buildPhases = (
				8B042C0C28B4053E003192E8 /* Sources */,
				8B042C0D28B4053E003192E8 /* Frameworks */,
				8B042C0E28B4053E003192E8 /* Resources */,
			);
			buildRules = (
			);
			dependencies = (
			);
			name = "Movies-SwiftUI (iOS)";
			productName = "Movies-SwiftUI (iOS)";
			productReference = 8B042C1028B4053E003192E8 /* Movies-SwiftUI.app */;
			productType = "com.apple.product-type.application";
		};
		8B042C1528B4053E003192E8 /* Movies-SwiftUI (macOS) */ = {
			isa = PBXNativeTarget;
			buildConfigurationList = 8B042C3C28B4053E003192E8 /* Build configuration list for PBXNativeTarget "Movies-SwiftUI (macOS)" */;
			buildPhases = (
				8B042C1228B4053E003192E8 /* Sources */,
				8B042C1328B4053E003192E8 /* Frameworks */,
				8B042C1428B4053E003192E8 /* Resources */,
			);
			buildRules = (
			);
			dependencies = (
			);
			name = "Movies-SwiftUI (macOS)";
			productName = "Movies-SwiftUI (macOS)";
			productReference = 8B042C1628B4053E003192E8 /* Movies-SwiftUI.app */;
			productType = "com.apple.product-type.application";
		};
		8B042C1C28B4053E003192E8 /* Tests iOS */ = {
			isa = PBXNativeTarget;
			buildConfigurationList = 8B042C3F28B4053E003192E8 /* Build configuration list for PBXNativeTarget "Tests iOS" */;
			buildPhases = (
				8B042C1928B4053E003192E8 /* Sources */,
				8B042C1A28B4053E003192E8 /* Frameworks */,
				8B042C1B28B4053E003192E8 /* Resources */,
			);
			buildRules = (
			);
			dependencies = (
				8B042C1F28B4053E003192E8 /* PBXTargetDependency */,
			);
			name = "Tests iOS";
			productName = "Tests iOS";
			productReference = 8B042C1D28B4053E003192E8 /* Tests iOS.xctest */;
			productType = "com.apple.product-type.bundle.ui-testing";
		};
		8B042C2828B4053E003192E8 /* Tests macOS */ = {
			isa = PBXNativeTarget;
			buildConfigurationList = 8B042C4228B4053E003192E8 /* Build configuration list for PBXNativeTarget "Tests macOS" */;
			buildPhases = (
				8B042C2528B4053E003192E8 /* Sources */,
				8B042C2628B4053E003192E8 /* Frameworks */,
				8B042C2728B4053E003192E8 /* Resources */,
			);
			buildRules = (
			);
			dependencies = (
				8B042C2B28B4053E003192E8 /* PBXTargetDependency */,
			);
			name = "Tests macOS";
			productName = "Tests macOS";
			productReference = 8B042C2928B4053E003192E8 /* Tests macOS.xctest */;
			productType = "com.apple.product-type.bundle.ui-testing";
		};
/* End PBXNativeTarget section */

/* Begin PBXProject section */
		8B042C0428B4053C003192E8 /* Project object */ = {
			isa = PBXProject;
			attributes = {
				BuildIndependentTargetsInParallel = 1;
				LastSwiftUpdateCheck = 1340;
				LastUpgradeCheck = 1340;
				TargetAttributes = {
					8B042C0F28B4053E003192E8 = {
						CreatedOnToolsVersion = 13.4.1;
					};
					8B042C1528B4053E003192E8 = {
						CreatedOnToolsVersion = 13.4.1;
					};
					8B042C1C28B4053E003192E8 = {
						CreatedOnToolsVersion = 13.4.1;
						TestTargetID = 8B042C0F28B4053E003192E8;
					};
					8B042C2828B4053E003192E8 = {
						CreatedOnToolsVersion = 13.4.1;
						TestTargetID = 8B042C1528B4053E003192E8;
					};
				};
			};
			buildConfigurationList = 8B042C0728B4053C003192E8 /* Build configuration list for PBXProject "Movies-SwiftUI" */;
			compatibilityVersion = "Xcode 13.0";
			developmentRegion = en;
			hasScannedForEncodings = 0;
			knownRegions = (
				en,
				Base,
			);
			mainGroup = 8B042C0328B4053C003192E8;
			productRefGroup = 8B042C1128B4053E003192E8 /* Products */;
			projectDirPath = "";
			projectRoot = "";
			targets = (
				8B042C0F28B4053E003192E8 /* Movies-SwiftUI (iOS) */,
				8B042C1528B4053E003192E8 /* Movies-SwiftUI (macOS) */,
				8B042C1C28B4053E003192E8 /* Tests iOS */,
				8B042C2828B4053E003192E8 /* Tests macOS */,
			);
		};
/* End PBXProject section */

/* Begin PBXResourcesBuildPhase section */
		8B042C0E28B4053E003192E8 /* Resources */ = {
			isa = PBXResourcesBuildPhase;
			buildActionMask = 2147483647;
			files = (
				8B042C3528B4053E003192E8 /* Assets.xcassets in Resources */,
			);
			runOnlyForDeploymentPostprocessing = 0;
		};
		8B042C1428B4053E003192E8 /* Resources */ = {
			isa = PBXResourcesBuildPhase;
			buildActionMask = 2147483647;
			files = (
				8B042C3628B4053E003192E8 /* Assets.xcassets in Resources */,
			);
			runOnlyForDeploymentPostprocessing = 0;
		};
		8B042C1B28B4053E003192E8 /* Resources */ = {
			isa = PBXResourcesBuildPhase;
			buildActionMask = 2147483647;
			files = (
			);
			runOnlyForDeploymentPostprocessing = 0;
		};
		8B042C2728B4053E003192E8 /* Resources */ = {
			isa = PBXResourcesBuildPhase;
			buildActionMask = 2147483647;
			files = (
			);
			runOnlyForDeploymentPostprocessing = 0;
		};
/* End PBXResourcesBuildPhase section */

/* Begin PBXSourcesBuildPhase section */
		8B042C0C28B4053E003192E8 /* Sources */ = {
			isa = PBXSourcesBuildPhase;
			buildActionMask = 2147483647;
			files = (
				8B042C3328B4053E003192E8 /* ContentView.swift in Sources */,
				8B042C3128B4053E003192E8 /* Movies_SwiftUIApp.swift in Sources */,
			);
			runOnlyForDeploymentPostprocessing = 0;
		};
		8B042C1228B4053E003192E8 /* Sources */ = {
			isa = PBXSourcesBuildPhase;
			buildActionMask = 2147483647;
			files = (
				8B042C3428B4053E003192E8 /* ContentView.swift in Sources */,
				8B042C3228B4053E003192E8 /* Movies_SwiftUIApp.swift in Sources */,
			);
			runOnlyForDeploymentPostprocessing = 0;
		};
		8B042C1928B4053E003192E8 /* Sources */ = {
			isa = PBXSourcesBuildPhase;
			buildActionMask = 2147483647;
			files = (
				8B042C2428B4053E003192E8 /* Tests_iOSLaunchTests.swift in Sources */,
				8B042C2228B4053E003192E8 /* Tests_iOS.swift in Sources */,
			);
			runOnlyForDeploymentPostprocessing = 0;
		};
		8B042C2528B4053E003192E8 /* Sources */ = {
			isa = PBXSourcesBuildPhase;
			buildActionMask = 2147483647;
			files = (
				8B042C3028B4053E003192E8 /* Tests_macOSLaunchTests.swift in Sources */,
				8B042C2E28B4053E003192E8 /* Tests_macOS.swift in Sources */,
			);
			runOnlyForDeploymentPostprocessing = 0;
		};
/* End PBXSourcesBuildPhase section */

/* Begin PBXTargetDependency section */
		8B042C1F28B4053E003192E8 /* PBXTargetDependency */ = {
			isa = PBXTargetDependency;
			target = 8B042C0F28B4053E003192E8 /* Movies-SwiftUI (iOS) */;
			targetProxy = 8B042C1E28B4053E003192E8 /* PBXContainerItemProxy */;
		};
		8B042C2B28B4053E003192E8 /* PBXTargetDependency */ = {
			isa = PBXTargetDependency;
			target = 8B042C1528B4053E003192E8 /* Movies-SwiftUI (macOS) */;
			targetProxy = 8B042C2A28B4053E003192E8 /* PBXContainerItemProxy */;
		};
/* End PBXTargetDependency section */

/* Begin XCBuildConfiguration section */
		8B042C3728B4053E003192E8 /* Debug */ = {
			isa = XCBuildConfiguration;
			buildSettings = {
				ALWAYS_SEARCH_USER_PATHS = NO;
				CLANG_ANALYZER_NONNULL = YES;
				CLANG_ANALYZER_NUMBER_OBJECT_CONVERSION = YES_AGGRESSIVE;
				CLANG_CXX_LANGUAGE_STANDARD = "gnu++17";
				CLANG_ENABLE_MODULES = YES;
				CLANG_ENABLE_OBJC_ARC = YES;
				CLANG_ENABLE_OBJC_WEAK = YES;
				CLANG_WARN_BLOCK_CAPTURE_AUTORELEASING = YES;
				CLANG_WARN_BOOL_CONVERSION = YES;
				CLANG_WARN_COMMA = YES;
				CLANG_WARN_CONSTANT_CONVERSION = YES;
				CLANG_WARN_DEPRECATED_OBJC_IMPLEMENTATIONS = YES;
				CLANG_WARN_DIRECT_OBJC_ISA_USAGE = YES_ERROR;
				CLANG_WARN_DOCUMENTATION_COMMENTS = YES;
				CLANG_WARN_EMPTY_BODY = YES;
				CLANG_WARN_ENUM_CONVERSION = YES;
				CLANG_WARN_INFINITE_RECURSION = YES;
				CLANG_WARN_INT_CONVERSION = YES;
				CLANG_WARN_NON_LITERAL_NULL_CONVERSION = YES;
				CLANG_WARN_OBJC_IMPLICIT_RETAIN_SELF = YES;
				CLANG_WARN_OBJC_LITERAL_CONVERSION = YES;
				CLANG_WARN_OBJC_ROOT_CLASS = YES_ERROR;
				CLANG_WARN_QUOTED_INCLUDE_IN_FRAMEWORK_HEADER = YES;
				CLANG_WARN_RANGE_LOOP_ANALYSIS = YES;
				CLANG_WARN_STRICT_PROTOTYPES = YES;
				CLANG_WARN_SUSPICIOUS_MOVE = YES;
				CLANG_WARN_UNGUARDED_AVAILABILITY = YES_AGGRESSIVE;
				CLANG_WARN_UNREACHABLE_CODE = YES;
				CLANG_WARN__DUPLICATE_METHOD_MATCH = YES;
				COPY_PHASE_STRIP = NO;
				DEBUG_INFORMATION_FORMAT = dwarf;
				ENABLE_STRICT_OBJC_MSGSEND = YES;
				ENABLE_TESTABILITY = YES;
				GCC_C_LANGUAGE_STANDARD = gnu11;
				GCC_DYNAMIC_NO_PIC = NO;
				GCC_NO_COMMON_BLOCKS = YES;
				GCC_OPTIMIZATION_LEVEL = 0;
				GCC_PREPROCESSOR_DEFINITIONS = (
					"DEBUG=1",
					"$(inherited)",
				);
				GCC_WARN_64_TO_32_BIT_CONVERSION = YES;
				GCC_WARN_ABOUT_RETURN_TYPE = YES_ERROR;
				GCC_WARN_UNDECLARED_SELECTOR = YES;
				GCC_WARN_UNINITIALIZED_AUTOS = YES_AGGRESSIVE;
				GCC_WARN_UNUSED_FUNCTION = YES;
				GCC_WARN_UNUSED_VARIABLE = YES;
				MTL_ENABLE_DEBUG_INFO = INCLUDE_SOURCE;
				MTL_FAST_MATH = YES;
				ONLY_ACTIVE_ARCH = YES;
				SWIFT_ACTIVE_COMPILATION_CONDITIONS = DEBUG;
				SWIFT_OPTIMIZATION_LEVEL = "-Onone";
			};
			name = Debug;
		};
		8B042C3828B4053E003192E8 /* Release */ = {
			isa = XCBuildConfiguration;
			buildSettings = {
				ALWAYS_SEARCH_USER_PATHS = NO;
				CLANG_ANALYZER_NONNULL = YES;
				CLANG_ANALYZER_NUMBER_OBJECT_CONVERSION = YES_AGGRESSIVE;
				CLANG_CXX_LANGUAGE_STANDARD = "gnu++17";
				CLANG_ENABLE_MODULES = YES;
				CLANG_ENABLE_OBJC_ARC = YES;
				CLANG_ENABLE_OBJC_WEAK = YES;
				CLANG_WARN_BLOCK_CAPTURE_AUTORELEASING = YES;
				CLANG_WARN_BOOL_CONVERSION = YES;
				CLANG_WARN_COMMA = YES;
				CLANG_WARN_CONSTANT_CONVERSION = YES;
				CLANG_WARN_DEPRECATED_OBJC_IMPLEMENTATIONS = YES;
				CLANG_WARN_DIRECT_OBJC_ISA_USAGE = YES_ERROR;
				CLANG_WARN_DOCUMENTATION_COMMENTS = YES;
				CLANG_WARN_EMPTY_BODY = YES;
				CLANG_WARN_ENUM_CONVERSION = YES;
				CLANG_WARN_INFINITE_RECURSION = YES;
				CLANG_WARN_INT_CONVERSION = YES;
				CLANG_WARN_NON_LITERAL_NULL_CONVERSION = YES;
				CLANG_WARN_OBJC_IMPLICIT_RETAIN_SELF = YES;
				CLANG_WARN_OBJC_LITERAL_CONVERSION = YES;
				CLANG_WARN_OBJC_ROOT_CLASS = YES_ERROR;
				CLANG_WARN_QUOTED_INCLUDE_IN_FRAMEWORK_HEADER = YES;
				CLANG_WARN_RANGE_LOOP_ANALYSIS = YES;
				CLANG_WARN_STRICT_PROTOTYPES = YES;
				CLANG_WARN_SUSPICIOUS_MOVE = YES;
				CLANG_WARN_UNGUARDED_AVAILABILITY = YES_AGGRESSIVE;
				CLANG_WARN_UNREACHABLE_CODE = YES;
				CLANG_WARN__DUPLICATE_METHOD_MATCH = YES;
				COPY_PHASE_STRIP = NO;
				DEBUG_INFORMATION_FORMAT = "dwarf-with-dsym";
				ENABLE_NS_ASSERTIONS = NO;
				ENABLE_STRICT_OBJC_MSGSEND = YES;
				GCC_C_LANGUAGE_STANDARD = gnu11;
				GCC_NO_COMMON_BLOCKS = YES;
				GCC_WARN_64_TO_32_BIT_CONVERSION = YES;
				GCC_WARN_ABOUT_RETURN_TYPE = YES_ERROR;
				GCC_WARN_UNDECLARED_SELECTOR = YES;
				GCC_WARN_UNINITIALIZED_AUTOS = YES_AGGRESSIVE;
				GCC_WARN_UNUSED_FUNCTION = YES;
				GCC_WARN_UNUSED_VARIABLE = YES;
				MTL_ENABLE_DEBUG_INFO = NO;
				MTL_FAST_MATH = YES;
				SWIFT_COMPILATION_MODE = wholemodule;
				SWIFT_OPTIMIZATION_LEVEL = "-O";
			};
			name = Release;
		};
		8B042C3A28B4053E003192E8 /* Debug */ = {
			isa = XCBuildConfiguration;
			buildSettings = {
				ASSETCATALOG_COMPILER_APPICON_NAME = AppIcon;
				ASSETCATALOG_COMPILER_GLOBAL_ACCENT_COLOR_NAME = AccentColor;
				CODE_SIGN_STYLE = Automatic;
				CURRENT_PROJECT_VERSION = 1;
				DEVELOPMENT_TEAM = 73DJK9R2PB;
				ENABLE_PREVIEWS = YES;
				GENERATE_INFOPLIST_FILE = YES;
				INFOPLIST_KEY_UIApplicationSceneManifest_Generation = YES;
				INFOPLIST_KEY_UIApplicationSupportsIndirectInputEvents = YES;
				INFOPLIST_KEY_UILaunchScreen_Generation = YES;
				INFOPLIST_KEY_UISupportedInterfaceOrientations_iPad = "UIInterfaceOrientationPortrait UIInterfaceOrientationPortraitUpsideDown UIInterfaceOrientationLandscapeLeft UIInterfaceOrientationLandscapeRight";
				INFOPLIST_KEY_UISupportedInterfaceOrientations_iPhone = "UIInterfaceOrientationPortrait UIInterfaceOrientationLandscapeLeft UIInterfaceOrientationLandscapeRight";
				IPHONEOS_DEPLOYMENT_TARGET = 15.5;
				LD_RUNPATH_SEARCH_PATHS = (
					"$(inherited)",
					"@executable_path/Frameworks",
				);
				MARKETING_VERSION = 1.0;
				PRODUCT_BUNDLE_IDENTIFIER = "mosuq-ios.Movies-SwiftUI";
				PRODUCT_NAME = "Movies-SwiftUI";
				SDKROOT = iphoneos;
				SWIFT_EMIT_LOC_STRINGS = YES;
				SWIFT_VERSION = 5.0;
				TARGETED_DEVICE_FAMILY = "1,2";
			};
			name = Debug;
		};
		8B042C3B28B4053E003192E8 /* Release */ = {
			isa = XCBuildConfiguration;
			buildSettings = {
				ASSETCATALOG_COMPILER_APPICON_NAME = AppIcon;
				ASSETCATALOG_COMPILER_GLOBAL_ACCENT_COLOR_NAME = AccentColor;
				CODE_SIGN_STYLE = Automatic;
				CURRENT_PROJECT_VERSION = 1;
				DEVELOPMENT_TEAM = 73DJK9R2PB;
				ENABLE_PREVIEWS = YES;
				GENERATE_INFOPLIST_FILE = YES;
				INFOPLIST_KEY_UIApplicationSceneManifest_Generation = YES;
				INFOPLIST_KEY_UIApplicationSupportsIndirectInputEvents = YES;
				INFOPLIST_KEY_UILaunchScreen_Generation = YES;
				INFOPLIST_KEY_UISupportedInterfaceOrientations_iPad = "UIInterfaceOrientationPortrait UIInterfaceOrientationPortraitUpsideDown UIInterfaceOrientationLandscapeLeft UIInterfaceOrientationLandscapeRight";
				INFOPLIST_KEY_UISupportedInterfaceOrientations_iPhone = "UIInterfaceOrientationPortrait UIInterfaceOrientationLandscapeLeft UIInterfaceOrientationLandscapeRight";
				IPHONEOS_DEPLOYMENT_TARGET = 15.5;
				LD_RUNPATH_SEARCH_PATHS = (
					"$(inherited)",
					"@executable_path/Frameworks",
				);
				MARKETING_VERSION = 1.0;
				PRODUCT_BUNDLE_IDENTIFIER = "mosuq-ios.Movies-SwiftUI";
				PRODUCT_NAME = "Movies-SwiftUI";
				SDKROOT = iphoneos;
				SWIFT_EMIT_LOC_STRINGS = YES;
				SWIFT_VERSION = 5.0;
				TARGETED_DEVICE_FAMILY = "1,2";
				VALIDATE_PRODUCT = YES;
			};
			name = Release;
		};
		8B042C3D28B4053E003192E8 /* Debug */ = {
			isa = XCBuildConfiguration;
			buildSettings = {
				ASSETCATALOG_COMPILER_APPICON_NAME = AppIcon;
				ASSETCATALOG_COMPILER_GLOBAL_ACCENT_COLOR_NAME = AccentColor;
				CODE_SIGN_ENTITLEMENTS = macOS/macOS.entitlements;
				CODE_SIGN_STYLE = Automatic;
				COMBINE_HIDPI_IMAGES = YES;
				CURRENT_PROJECT_VERSION = 1;
				DEVELOPMENT_TEAM = 73DJK9R2PB;
				ENABLE_HARDENED_RUNTIME = YES;
				ENABLE_PREVIEWS = YES;
				GENERATE_INFOPLIST_FILE = YES;
				INFOPLIST_KEY_NSHumanReadableCopyright = "";
				LD_RUNPATH_SEARCH_PATHS = (
					"$(inherited)",
					"@executable_path/../Frameworks",
				);
				MACOSX_DEPLOYMENT_TARGET = 12.3;
				MARKETING_VERSION = 1.0;
				PRODUCT_BUNDLE_IDENTIFIER = "mosuq-ios.Movies-SwiftUI";
				PRODUCT_NAME = "Movies-SwiftUI";
				SDKROOT = macosx;
				SWIFT_EMIT_LOC_STRINGS = YES;
				SWIFT_VERSION = 5.0;
			};
			name = Debug;
		};
		8B042C3E28B4053E003192E8 /* Release */ = {
			isa = XCBuildConfiguration;
			buildSettings = {
				ASSETCATALOG_COMPILER_APPICON_NAME = AppIcon;
				ASSETCATALOG_COMPILER_GLOBAL_ACCENT_COLOR_NAME = AccentColor;
				CODE_SIGN_ENTITLEMENTS = macOS/macOS.entitlements;
				CODE_SIGN_STYLE = Automatic;
				COMBINE_HIDPI_IMAGES = YES;
				CURRENT_PROJECT_VERSION = 1;
				DEVELOPMENT_TEAM = 73DJK9R2PB;
				ENABLE_HARDENED_RUNTIME = YES;
				ENABLE_PREVIEWS = YES;
				GENERATE_INFOPLIST_FILE = YES;
				INFOPLIST_KEY_NSHumanReadableCopyright = "";
				LD_RUNPATH_SEARCH_PATHS = (
					"$(inherited)",
					"@executable_path/../Frameworks",
				);
				MACOSX_DEPLOYMENT_TARGET = 12.3;
				MARKETING_VERSION = 1.0;
				PRODUCT_BUNDLE_IDENTIFIER = "mosuq-ios.Movies-SwiftUI";
				PRODUCT_NAME = "Movies-SwiftUI";
				SDKROOT = macosx;
				SWIFT_EMIT_LOC_STRINGS = YES;
				SWIFT_VERSION = 5.0;
			};
			name = Release;
		};
		8B042C4028B4053E003192E8 /* Debug */ = {
			isa = XCBuildConfiguration;
			buildSettings = {
				ALWAYS_EMBED_SWIFT_STANDARD_LIBRARIES = YES;
				CODE_SIGN_STYLE = Automatic;
				CURRENT_PROJECT_VERSION = 1;
				DEVELOPMENT_TEAM = 73DJK9R2PB;
				GENERATE_INFOPLIST_FILE = YES;
				IPHONEOS_DEPLOYMENT_TARGET = 15.5;
				MARKETING_VERSION = 1.0;
				PRODUCT_BUNDLE_IDENTIFIER = "mosuq-ios.Tests-iOS";
				PRODUCT_NAME = "$(TARGET_NAME)";
				SDKROOT = iphoneos;
				SWIFT_EMIT_LOC_STRINGS = NO;
				SWIFT_VERSION = 5.0;
				TARGETED_DEVICE_FAMILY = "1,2";
				TEST_TARGET_NAME = "Movies-SwiftUI (iOS)";
			};
			name = Debug;
		};
		8B042C4128B4053E003192E8 /* Release */ = {
			isa = XCBuildConfiguration;
			buildSettings = {
				ALWAYS_EMBED_SWIFT_STANDARD_LIBRARIES = YES;
				CODE_SIGN_STYLE = Automatic;
				CURRENT_PROJECT_VERSION = 1;
				DEVELOPMENT_TEAM = 73DJK9R2PB;
				GENERATE_INFOPLIST_FILE = YES;
				IPHONEOS_DEPLOYMENT_TARGET = 15.5;
				MARKETING_VERSION = 1.0;
				PRODUCT_BUNDLE_IDENTIFIER = "mosuq-ios.Tests-iOS";
				PRODUCT_NAME = "$(TARGET_NAME)";
				SDKROOT = iphoneos;
				SWIFT_EMIT_LOC_STRINGS = NO;
				SWIFT_VERSION = 5.0;
				TARGETED_DEVICE_FAMILY = "1,2";
				TEST_TARGET_NAME = "Movies-SwiftUI (iOS)";
				VALIDATE_PRODUCT = YES;
			};
			name = Release;
		};
		8B042C4328B4053E003192E8 /* Debug */ = {
			isa = XCBuildConfiguration;
			buildSettings = {
				ALWAYS_EMBED_SWIFT_STANDARD_LIBRARIES = YES;
				CODE_SIGN_STYLE = Automatic;
				CURRENT_PROJECT_VERSION = 1;
				DEVELOPMENT_TEAM = 73DJK9R2PB;
				GENERATE_INFOPLIST_FILE = YES;
				MACOSX_DEPLOYMENT_TARGET = 12.3;
				MARKETING_VERSION = 1.0;
				PRODUCT_BUNDLE_IDENTIFIER = "mosuq-ios.Tests-macOS";
				PRODUCT_NAME = "$(TARGET_NAME)";
				SDKROOT = macosx;
				SWIFT_EMIT_LOC_STRINGS = NO;
				SWIFT_VERSION = 5.0;
				TEST_TARGET_NAME = "Movies-SwiftUI (macOS)";
			};
			name = Debug;
		};
		8B042C4428B4053E003192E8 /* Release */ = {
			isa = XCBuildConfiguration;
			buildSettings = {
				ALWAYS_EMBED_SWIFT_STANDARD_LIBRARIES = YES;
				CODE_SIGN_STYLE = Automatic;
				CURRENT_PROJECT_VERSION = 1;
				DEVELOPMENT_TEAM = 73DJK9R2PB;
				GENERATE_INFOPLIST_FILE = YES;
				MACOSX_DEPLOYMENT_TARGET = 12.3;
				MARKETING_VERSION = 1.0;
				PRODUCT_BUNDLE_IDENTIFIER = "mosuq-ios.Tests-macOS";
				PRODUCT_NAME = "$(TARGET_NAME)";
				SDKROOT = macosx;
				SWIFT_EMIT_LOC_STRINGS = NO;
				SWIFT_VERSION = 5.0;
				TEST_TARGET_NAME = "Movies-SwiftUI (macOS)";
			};
			name = Release;
		};
/* End XCBuildConfiguration section */

/* Begin XCConfigurationList section */
		8B042C0728B4053C003192E8 /* Build configuration list for PBXProject "Movies-SwiftUI" */ = {
			isa = XCConfigurationList;
			buildConfigurations = (
				8B042C3728B4053E003192E8 /* Debug */,
				8B042C3828B4053E003192E8 /* Release */,
			);
			defaultConfigurationIsVisible = 0;
			defaultConfigurationName = Release;
		};
		8B042C3928B4053E003192E8 /* Build configuration list for PBXNativeTarget "Movies-SwiftUI (iOS)" */ = {
			isa = XCConfigurationList;
			buildConfigurations = (
				8B042C3A28B4053E003192E8 /* Debug */,
				8B042C3B28B4053E003192E8 /* Release */,
			);
			defaultConfigurationIsVisible = 0;
			defaultConfigurationName = Release;
		};
		8B042C3C28B4053E003192E8 /* Build configuration list for PBXNativeTarget "Movies-SwiftUI (macOS)" */ = {
			isa = XCConfigurationList;
			buildConfigurations = (
				8B042C3D28B4053E003192E8 /* Debug */,
				8B042C3E28B4053E003192E8 /* Release */,
			);
			defaultConfigurationIsVisible = 0;
			defaultConfigurationName = Release;
		};
		8B042C3F28B4053E003192E8 /* Build configuration list for PBXNativeTarget "Tests iOS" */ = {
			isa = XCConfigurationList;
			buildConfigurations = (
				8B042C4028B4053E003192E8 /* Debug */,
				8B042C4128B4053E003192E8 /* Release */,
			);
			defaultConfigurationIsVisible = 0;
			defaultConfigurationName = Release;
		};
		8B042C4228B4053E003192E8 /* Build configuration list for PBXNativeTarget "Tests macOS" */ = {
			isa = XCConfigurationList;
			buildConfigurations = (
				8B042C4328B4053E003192E8 /* Debug */,
				8B042C4428B4053E003192E8 /* Release */,
			);
			defaultConfigurationIsVisible = 0;
			defaultConfigurationName = Release;
		};
/* End XCConfigurationList section */
	};
	rootObject = 8B042C0428B4053C003192E8 /* Project object */;
}
